
Microsoft Visual Studio Solution File, Format Version 12.00
# Visual Studio Version 16
VisualStudioVersion = 16.0.31624.102
MinimumVisualStudioVersion = 10.0.40219.1
Project("{FAE04EC0-301F-11D3-BF4B-00C04F79EFBC}") = "homeWork2.3", "homeWork2.3\homeWork2.3.csproj", "{6074253C-8DB8-41C9-A1BC-58BB0F4A43EC}"
EndProject
Global
	GlobalSection(SolutionConfigurationPlatforms) = preSolution
		Debug|Any CPU = Debug|Any CPU
		Release|Any CPU = Release|Any CPU
	EndGlobalSection
	GlobalSection(ProjectConfigurationPlatforms) = postSolution
		{6074253C-8DB8-41C9-A1BC-58BB0F4A43EC}.Debug|Any CPU.ActiveCfg = Debug|Any CPU
		{6074253C-8DB8-41C9-A1BC-58BB0F4A43EC}.Debug|Any CPU.Build.0 = Debug|Any CPU
		{6074253C-8DB8-41C9-A1BC-58BB0F4A43EC}.Release|Any CPU.ActiveCfg = Release|Any CPU
		{6074253C-8DB8-41C9-A1BC-58BB0F4A43EC}.Release|Any CPU.Build.0 = Release|Any CPU
	EndGlobalSection
	GlobalSection(SolutionProperties) = preSolution
		HideSolutionNode = FALSE
	EndGlobalSection
	GlobalSection(ExtensibilityGlobals) = postSolution
		SolutionGuid = {64338CC9-F930-4449-8DFD-6A55A2FD5087}
	EndGlobalSection
EndGlobal
