
Microsoft Visual Studio Solution File, Format Version 12.00
# Visual Studio Version 16
VisualStudioVersion = 16.0.31624.102
MinimumVisualStudioVersion = 10.0.40219.1
Project("{FAE04EC0-301F-11D3-BF4B-00C04F79EFBC}") = "UzduotisIsSkaidres1", "UzduotisIsSkaidres1\UzduotisIsSkaidres1.csproj", "{5D6040BB-6B67-46E8-A756-BB603B19033D}"
EndProject
Global
	GlobalSection(SolutionConfigurationPlatforms) = preSolution
		Debug|Any CPU = Debug|Any CPU
		Release|Any CPU = Release|Any CPU
	EndGlobalSection
	GlobalSection(ProjectConfigurationPlatforms) = postSolution
		{5D6040BB-6B67-46E8-A756-BB603B19033D}.Debug|Any CPU.ActiveCfg = Debug|Any CPU
		{5D6040BB-6B67-46E8-A756-BB603B19033D}.Debug|Any CPU.Build.0 = Debug|Any CPU
		{5D6040BB-6B67-46E8-A756-BB603B19033D}.Release|Any CPU.ActiveCfg = Release|Any CPU
		{5D6040BB-6B67-46E8-A756-BB603B19033D}.Release|Any CPU.Build.0 = Release|Any CPU
	EndGlobalSection
	GlobalSection(SolutionProperties) = preSolution
		HideSolutionNode = FALSE
	EndGlobalSection
	GlobalSection(ExtensibilityGlobals) = postSolution
		SolutionGuid = {3FD23BF2-2A1E-4E96-B904-99033C2D84FD}
	EndGlobalSection
EndGlobal
