
Microsoft Visual Studio Solution File, Format Version 12.00
# Visual Studio Version 16
VisualStudioVersion = 16.0.31624.102
MinimumVisualStudioVersion = 10.0.40219.1
Project("{FAE04EC0-301F-11D3-BF4B-00C04F79EFBC}") = "homeWork2.2", "homeWork2.2\homeWork2.2.csproj", "{DF8C939F-8F7B-4004-A2E3-F85810691D05}"
EndProject
Global
	GlobalSection(SolutionConfigurationPlatforms) = preSolution
		Debug|Any CPU = Debug|Any CPU
		Release|Any CPU = Release|Any CPU
	EndGlobalSection
	GlobalSection(ProjectConfigurationPlatforms) = postSolution
		{DF8C939F-8F7B-4004-A2E3-F85810691D05}.Debug|Any CPU.ActiveCfg = Debug|Any CPU
		{DF8C939F-8F7B-4004-A2E3-F85810691D05}.Debug|Any CPU.Build.0 = Debug|Any CPU
		{DF8C939F-8F7B-4004-A2E3-F85810691D05}.Release|Any CPU.ActiveCfg = Release|Any CPU
		{DF8C939F-8F7B-4004-A2E3-F85810691D05}.Release|Any CPU.Build.0 = Release|Any CPU
	EndGlobalSection
	GlobalSection(SolutionProperties) = preSolution
		HideSolutionNode = FALSE
	EndGlobalSection
	GlobalSection(ExtensibilityGlobals) = postSolution
		SolutionGuid = {1388609B-8B05-4C53-ADB0-5A66A93D0D1E}
	EndGlobalSection
EndGlobal
