
Microsoft Visual Studio Solution File, Format Version 12.00
# Visual Studio Version 16
VisualStudioVersion = 16.0.31624.102
MinimumVisualStudioVersion = 10.0.40219.1
Project("{FAE04EC0-301F-11D3-BF4B-00C04F79EFBC}") = "Homework1.1", "Homework1.1\Homework1.1.csproj", "{048EDD64-02C4-4869-A94C-D9EC969F5E1E}"
EndProject
Global
	GlobalSection(SolutionConfigurationPlatforms) = preSolution
		Debug|Any CPU = Debug|Any CPU
		Release|Any CPU = Release|Any CPU
	EndGlobalSection
	GlobalSection(ProjectConfigurationPlatforms) = postSolution
		{048EDD64-02C4-4869-A94C-D9EC969F5E1E}.Debug|Any CPU.ActiveCfg = Debug|Any CPU
		{048EDD64-02C4-4869-A94C-D9EC969F5E1E}.Debug|Any CPU.Build.0 = Debug|Any CPU
		{048EDD64-02C4-4869-A94C-D9EC969F5E1E}.Release|Any CPU.ActiveCfg = Release|Any CPU
		{048EDD64-02C4-4869-A94C-D9EC969F5E1E}.Release|Any CPU.Build.0 = Release|Any CPU
	EndGlobalSection
	GlobalSection(SolutionProperties) = preSolution
		HideSolutionNode = FALSE
	EndGlobalSection
	GlobalSection(ExtensibilityGlobals) = postSolution
		SolutionGuid = {BCFC379E-CE23-49AB-BAC4-DF6D0CAEED55}
	EndGlobalSection
EndGlobal
