
Microsoft Visual Studio Solution File, Format Version 12.00
# Visual Studio Version 16
VisualStudioVersion = 16.0.31624.102
MinimumVisualStudioVersion = 10.0.40219.1
Project("{FAE04EC0-301F-11D3-BF4B-00C04F79EFBC}") = "HomeWork6.1", "HomeWork6.1\HomeWork6.1.csproj", "{BFA79E75-8B0E-4D98-8807-76AC177D425C}"
EndProject
Global
	GlobalSection(SolutionConfigurationPlatforms) = preSolution
		Debug|Any CPU = Debug|Any CPU
		Release|Any CPU = Release|Any CPU
	EndGlobalSection
	GlobalSection(ProjectConfigurationPlatforms) = postSolution
		{BFA79E75-8B0E-4D98-8807-76AC177D425C}.Debug|Any CPU.ActiveCfg = Debug|Any CPU
		{BFA79E75-8B0E-4D98-8807-76AC177D425C}.Debug|Any CPU.Build.0 = Debug|Any CPU
		{BFA79E75-8B0E-4D98-8807-76AC177D425C}.Release|Any CPU.ActiveCfg = Release|Any CPU
		{BFA79E75-8B0E-4D98-8807-76AC177D425C}.Release|Any CPU.Build.0 = Release|Any CPU
	EndGlobalSection
	GlobalSection(SolutionProperties) = preSolution
		HideSolutionNode = FALSE
	EndGlobalSection
	GlobalSection(ExtensibilityGlobals) = postSolution
		SolutionGuid = {83A33077-EDC8-4090-974E-B5F4598990CE}
	EndGlobalSection
EndGlobal
